
Microsoft Visual Studio Solution File, Format Version 12.00
# Visual Studio Version 17
VisualStudioVersion = 17.1.31911.260
MinimumVisualStudioVersion = 10.0.40219.1
Project("{9A19103F-16F7-4668-BE54-9A1E7A4F7556}") = "RunMethodsSequentially", "RunMethodsSequentially\RunMethodsSequentially.csproj", "{D148E104-C2E8-452F-86AC-9D1E638D4564}"
EndProject
Project("{9A19103F-16F7-4668-BE54-9A1E7A4F7556}") = "Test", "Test\Test.csproj", "{725DA932-179F-4939-A37D-5A5B2FBDE538}"
EndProject
Project("{2150E333-8FDC-42A3-9474-1A3956D46DE8}") = "Solution Items", "Solution Items", "{F8C8DA71-3EE9-4B12-AB5B-C1C3F9C9692E}"
	ProjectSection(SolutionItems) = preProject
		LICENSE = LICENSE
		README.md = README.md
		ReleaseNotes.md = ReleaseNotes.md
	EndProjectSection
EndProject
Project("{FAE04EC0-301F-11D3-BF4B-00C04F79EFBC}") = "Benchmark", "Benchmark\Benchmark.csproj", "{0C305AB8-9B4F-45AF-B37C-248AB20F896A}"
EndProject
Global
	GlobalSection(SolutionConfigurationPlatforms) = preSolution
		Debug|Any CPU = Debug|Any CPU
		Debug|x64 = Debug|x64
		Debug|x86 = Debug|x86
		Release|Any CPU = Release|Any CPU
		Release|x64 = Release|x64
		Release|x86 = Release|x86
	EndGlobalSection
	GlobalSection(ProjectConfigurationPlatforms) = postSolution
		{D148E104-C2E8-452F-86AC-9D1E638D4564}.Debug|Any CPU.ActiveCfg = Debug|Any CPU
		{D148E104-C2E8-452F-86AC-9D1E638D4564}.Debug|Any CPU.Build.0 = Debug|Any CPU
		{D148E104-C2E8-452F-86AC-9D1E638D4564}.Debug|x64.ActiveCfg = Debug|Any CPU
		{D148E104-C2E8-452F-86AC-9D1E638D4564}.Debug|x64.Build.0 = Debug|Any CPU
		{D148E104-C2E8-452F-86AC-9D1E638D4564}.Debug|x86.ActiveCfg = Debug|Any CPU
		{D148E104-C2E8-452F-86AC-9D1E638D4564}.Debug|x86.Build.0 = Debug|Any CPU
		{D148E104-C2E8-452F-86AC-9D1E638D4564}.Release|Any CPU.ActiveCfg = Release|Any CPU
		{D148E104-C2E8-452F-86AC-9D1E638D4564}.Release|Any CPU.Build.0 = Release|Any CPU
		{D148E104-C2E8-452F-86AC-9D1E638D4564}.Release|x64.ActiveCfg = Release|Any CPU
		{D148E104-C2E8-452F-86AC-9D1E638D4564}.Release|x64.Build.0 = Release|Any CPU
		{D148E104-C2E8-452F-86AC-9D1E638D4564}.Release|x86.ActiveCfg = Release|Any CPU
		{D148E104-C2E8-452F-86AC-9D1E638D4564}.Release|x86.Build.0 = Release|Any CPU
		{725DA932-179F-4939-A37D-5A5B2FBDE538}.Debug|Any CPU.ActiveCfg = Debug|Any CPU
		{725DA932-179F-4939-A37D-5A5B2FBDE538}.Debug|Any CPU.Build.0 = Debug|Any CPU
		{725DA932-179F-4939-A37D-5A5B2FBDE538}.Debug|x64.ActiveCfg = Debug|Any CPU
		{725DA932-179F-4939-A37D-5A5B2FBDE538}.Debug|x64.Build.0 = Debug|Any CPU
		{725DA932-179F-4939-A37D-5A5B2FBDE538}.Debug|x86.ActiveCfg = Debug|Any CPU
		{725DA932-179F-4939-A37D-5A5B2FBDE538}.Debug|x86.Build.0 = Debug|Any CPU
		{725DA932-179F-4939-A37D-5A5B2FBDE538}.Release|Any CPU.ActiveCfg = Release|Any CPU
		{725DA932-179F-4939-A37D-5A5B2FBDE538}.Release|Any CPU.Build.0 = Release|Any CPU
		{725DA932-179F-4939-A37D-5A5B2FBDE538}.Release|x64.ActiveCfg = Release|Any CPU
		{725DA932-179F-4939-A37D-5A5B2FBDE538}.Release|x64.Build.0 = Release|Any CPU
		{725DA932-179F-4939-A37D-5A5B2FBDE538}.Release|x86.ActiveCfg = Release|Any CPU
		{725DA932-179F-4939-A37D-5A5B2FBDE538}.Release|x86.Build.0 = Release|Any CPU
		{0C305AB8-9B4F-45AF-B37C-248AB20F896A}.Debug|Any CPU.ActiveCfg = Debug|Any CPU
		{0C305AB8-9B4F-45AF-B37C-248AB20F896A}.Debug|Any CPU.Build.0 = Debug|Any CPU
		{0C305AB8-9B4F-45AF-B37C-248AB20F896A}.Debug|x64.ActiveCfg = Debug|Any CPU
		{0C305AB8-9B4F-45AF-B37C-248AB20F896A}.Debug|x64.Build.0 = Debug|Any CPU
		{0C305AB8-9B4F-45AF-B37C-248AB20F896A}.Debug|x86.ActiveCfg = Debug|Any CPU
		{0C305AB8-9B4F-45AF-B37C-248AB20F896A}.Debug|x86.Build.0 = Debug|Any CPU
		{0C305AB8-9B4F-45AF-B37C-248AB20F896A}.Release|Any CPU.ActiveCfg = Release|Any CPU
		{0C305AB8-9B4F-45AF-B37C-248AB20F896A}.Release|Any CPU.Build.0 = Release|Any CPU
		{0C305AB8-9B4F-45AF-B37C-248AB20F896A}.Release|x64.ActiveCfg = Release|Any CPU
		{0C305AB8-9B4F-45AF-B37C-248AB20F896A}.Release|x64.Build.0 = Release|Any CPU
		{0C305AB8-9B4F-45AF-B37C-248AB20F896A}.Release|x86.ActiveCfg = Release|Any CPU
		{0C305AB8-9B4F-45AF-B37C-248AB20F896A}.Release|x86.Build.0 = Release|Any CPU
	EndGlobalSection
	GlobalSection(SolutionProperties) = preSolution
		HideSolutionNode = FALSE
	EndGlobalSection
	GlobalSection(ExtensibilityGlobals) = postSolution
		SolutionGuid = {82DB0431-F2E7-4DFA-82D0-EAE671F47118}
	EndGlobalSection
EndGlobal
